
Microsoft Visual Studio Solution File, Format Version 12.00
# Visual Studio Version 17
VisualStudioVersion = 17.7.34003.232
MinimumVisualStudioVersion = 10.0.40219.1
Project("{9A19103F-16F7-4668-BE54-9A1E7A4F7556}") = "Excely.Domain", "Excely.Domain\Excely.Domain.csproj", "{98D410BB-B205-4AC5-A37D-404D10CA4A8A}"
EndProject
Project("{FAE04EC0-301F-11D3-BF4B-00C04F79EFBC}") = "Excely.EPPlus", "Excely.EPPlus\Excely.EPPlus.csproj", "{CFD847DE-0764-4ED3-8B70-2F32EBF73609}"
EndProject
Global
	GlobalSection(SolutionConfigurationPlatforms) = preSolution
		Debug|Any CPU = Debug|Any CPU
		Release|Any CPU = Release|Any CPU
	EndGlobalSection
	GlobalSection(ProjectConfigurationPlatforms) = postSolution
		{98D410BB-B205-4AC5-A37D-404D10CA4A8A}.Debug|Any CPU.ActiveCfg = Debug|Any CPU
		{98D410BB-B205-4AC5-A37D-404D10CA4A8A}.Debug|Any CPU.Build.0 = Debug|Any CPU
		{98D410BB-B205-4AC5-A37D-404D10CA4A8A}.Release|Any CPU.ActiveCfg = Release|Any CPU
		{98D410BB-B205-4AC5-A37D-404D10CA4A8A}.Release|Any CPU.Build.0 = Release|Any CPU
		{CFD847DE-0764-4ED3-8B70-2F32EBF73609}.Debug|Any CPU.ActiveCfg = Debug|Any CPU
		{CFD847DE-0764-4ED3-8B70-2F32EBF73609}.Debug|Any CPU.Build.0 = Debug|Any CPU
		{CFD847DE-0764-4ED3-8B70-2F32EBF73609}.Release|Any CPU.ActiveCfg = Release|Any CPU
		{CFD847DE-0764-4ED3-8B70-2F32EBF73609}.Release|Any CPU.Build.0 = Release|Any CPU
	EndGlobalSection
	GlobalSection(SolutionProperties) = preSolution
		HideSolutionNode = FALSE
	EndGlobalSection
	GlobalSection(ExtensibilityGlobals) = postSolution
		SolutionGuid = {8088CDCF-8B6D-44D9-98D2-115F316741C5}
	EndGlobalSection
EndGlobal
