
Microsoft Visual Studio Solution File, Format Version 12.00
# Visual Studio Version 17
VisualStudioVersion = 17.7.34003.232
MinimumVisualStudioVersion = 10.0.40219.1
Project("{9A19103F-16F7-4668-BE54-9A1E7A4F7556}") = "Excely", "Excely\Excely.csproj", "{D4C4D335-52CF-4C53-B43E-066F6EF5A519}"
EndProject
Project("{9A19103F-16F7-4668-BE54-9A1E7A4F7556}") = "Excely.EPPlus.LGPL", "Excely.EPPlus.LGPL\Excely.EPPlus.LGPL.csproj", "{D9AD5FA2-F9A3-440C-800F-E17B871A2D28}"
EndProject
Project("{9A19103F-16F7-4668-BE54-9A1E7A4F7556}") = "Excely.UnitTests", "Excely.UnitTests\Excely.UnitTests.csproj", "{11B8A44D-707F-405C-ACDC-2AF4AC8F3D5F}"
EndProject
Project("{9A19103F-16F7-4668-BE54-9A1E7A4F7556}") = "Excely.ClosedXML", "Excely.ClosedXML\Excely.ClosedXML.csproj", "{C3137C4B-EBA0-4720-8B29-7C0B0202A55F}"
EndProject
Project("{9A19103F-16F7-4668-BE54-9A1E7A4F7556}") = "Excely.ClosedXML.UnitTests", "Excely.ClosedXML.UnitTests\Excely.ClosedXML.UnitTests.csproj", "{075DACAA-3E1D-46E6-B094-0E119B56673B}"
EndProject
Project("{2150E333-8FDC-42A3-9474-1A3956D46DE8}") = "UnitTests", "UnitTests", "{05E1BF0C-B2F1-41C1-B5AB-52C001A3D557}"
EndProject
Project("{9A19103F-16F7-4668-BE54-9A1E7A4F7556}") = "Debug", "Debug\Debug.csproj", "{7BCFF4FE-F23D-4BDC-8D32-E22148C29F08}"
EndProject
Global
	GlobalSection(SolutionConfigurationPlatforms) = preSolution
		Debug|Any CPU = Debug|Any CPU
		Release|Any CPU = Release|Any CPU
	EndGlobalSection
	GlobalSection(ProjectConfigurationPlatforms) = postSolution
		{D4C4D335-52CF-4C53-B43E-066F6EF5A519}.Debug|Any CPU.ActiveCfg = Debug|Any CPU
		{D4C4D335-52CF-4C53-B43E-066F6EF5A519}.Debug|Any CPU.Build.0 = Debug|Any CPU
		{D4C4D335-52CF-4C53-B43E-066F6EF5A519}.Release|Any CPU.ActiveCfg = Release|Any CPU
		{D4C4D335-52CF-4C53-B43E-066F6EF5A519}.Release|Any CPU.Build.0 = Release|Any CPU
		{D9AD5FA2-F9A3-440C-800F-E17B871A2D28}.Debug|Any CPU.ActiveCfg = Debug|Any CPU
		{D9AD5FA2-F9A3-440C-800F-E17B871A2D28}.Debug|Any CPU.Build.0 = Debug|Any CPU
		{D9AD5FA2-F9A3-440C-800F-E17B871A2D28}.Release|Any CPU.ActiveCfg = Release|Any CPU
		{D9AD5FA2-F9A3-440C-800F-E17B871A2D28}.Release|Any CPU.Build.0 = Release|Any CPU
		{11B8A44D-707F-405C-ACDC-2AF4AC8F3D5F}.Debug|Any CPU.ActiveCfg = Debug|Any CPU
		{11B8A44D-707F-405C-ACDC-2AF4AC8F3D5F}.Debug|Any CPU.Build.0 = Debug|Any CPU
		{11B8A44D-707F-405C-ACDC-2AF4AC8F3D5F}.Release|Any CPU.ActiveCfg = Release|Any CPU
		{11B8A44D-707F-405C-ACDC-2AF4AC8F3D5F}.Release|Any CPU.Build.0 = Release|Any CPU
		{C3137C4B-EBA0-4720-8B29-7C0B0202A55F}.Debug|Any CPU.ActiveCfg = Debug|Any CPU
		{C3137C4B-EBA0-4720-8B29-7C0B0202A55F}.Debug|Any CPU.Build.0 = Debug|Any CPU
		{C3137C4B-EBA0-4720-8B29-7C0B0202A55F}.Release|Any CPU.ActiveCfg = Release|Any CPU
		{C3137C4B-EBA0-4720-8B29-7C0B0202A55F}.Release|Any CPU.Build.0 = Release|Any CPU
		{075DACAA-3E1D-46E6-B094-0E119B56673B}.Debug|Any CPU.ActiveCfg = Debug|Any CPU
		{075DACAA-3E1D-46E6-B094-0E119B56673B}.Debug|Any CPU.Build.0 = Debug|Any CPU
		{075DACAA-3E1D-46E6-B094-0E119B56673B}.Release|Any CPU.ActiveCfg = Release|Any CPU
		{075DACAA-3E1D-46E6-B094-0E119B56673B}.Release|Any CPU.Build.0 = Release|Any CPU
		{7BCFF4FE-F23D-4BDC-8D32-E22148C29F08}.Debug|Any CPU.ActiveCfg = Debug|Any CPU
		{7BCFF4FE-F23D-4BDC-8D32-E22148C29F08}.Debug|Any CPU.Build.0 = Debug|Any CPU
		{7BCFF4FE-F23D-4BDC-8D32-E22148C29F08}.Release|Any CPU.ActiveCfg = Release|Any CPU
		{7BCFF4FE-F23D-4BDC-8D32-E22148C29F08}.Release|Any CPU.Build.0 = Release|Any CPU
	EndGlobalSection
	GlobalSection(SolutionProperties) = preSolution
		HideSolutionNode = FALSE
	EndGlobalSection
	GlobalSection(NestedProjects) = preSolution
		{11B8A44D-707F-405C-ACDC-2AF4AC8F3D5F} = {05E1BF0C-B2F1-41C1-B5AB-52C001A3D557}
		{075DACAA-3E1D-46E6-B094-0E119B56673B} = {05E1BF0C-B2F1-41C1-B5AB-52C001A3D557}
	EndGlobalSection
	GlobalSection(ExtensibilityGlobals) = postSolution
		SolutionGuid = {8088CDCF-8B6D-44D9-98D2-115F316741C5}
	EndGlobalSection
EndGlobal
